
Microsoft Visual Studio Solution File, Format Version 12.00
# Visual Studio Version 17
VisualStudioVersion = 17.2.32630.192
MinimumVisualStudioVersion = 10.0.40219.1
Project("{9A19103F-16F7-4668-BE54-9A1E7A4F7556}") = "1", "Final exam prep\1.csproj", "{78EBF492-7B14-4CC5-8816-D0BA5586A4C2}"
EndProject
Project("{9A19103F-16F7-4668-BE54-9A1E7A4F7556}") = "2", "ConsoleApp1\2.csproj", "{31355673-3163-4B19-85A9-7E1FB38FDC5F}"
EndProject
Project("{9A19103F-16F7-4668-BE54-9A1E7A4F7556}") = "3", "3\3.csproj", "{9AC8C769-3FA8-4E10-80F0-C3FF7F61349B}"
EndProject
Project("{9A19103F-16F7-4668-BE54-9A1E7A4F7556}") = "4", "4\4.csproj", "{03AD4033-FEAE-4903-88BC-2BF7ACDD2E6B}"
EndProject
Project("{9A19103F-16F7-4668-BE54-9A1E7A4F7556}") = "5", "5\5.csproj", "{BB8A511E-F9B8-4CCE-8CD5-4C3B97490BBD}"
EndProject
Project("{9A19103F-16F7-4668-BE54-9A1E7A4F7556}") = "6", "6\6.csproj", "{4738AB37-B25E-451A-AFA3-20C3F5FC6C08}"
EndProject
Project("{9A19103F-16F7-4668-BE54-9A1E7A4F7556}") = "7", "7\7.csproj", "{28A7300F-3795-4EC7-B01F-DE6FF35B3822}"
EndProject
Project("{9A19103F-16F7-4668-BE54-9A1E7A4F7556}") = "8", "8\8.csproj", "{5C12E0FA-62A6-4F3D-8BFF-F627FA5F8351}"
EndProject
Project("{9A19103F-16F7-4668-BE54-9A1E7A4F7556}") = "9", "9\9.csproj", "{1550D670-C1CF-4B68-ACC2-86161BF31A6E}"
EndProject
Project("{9A19103F-16F7-4668-BE54-9A1E7A4F7556}") = "10", "10\10.csproj", "{49184182-D839-41C9-972F-A2953845B9A4}"
EndProject
Project("{9A19103F-16F7-4668-BE54-9A1E7A4F7556}") = "11", "11\11.csproj", "{1F7F0F67-EB4C-4A23-AC80-073A1BDD743E}"
EndProject
Project("{9A19103F-16F7-4668-BE54-9A1E7A4F7556}") = "12", "12\12.csproj", "{2B28A106-EA68-4C08-9114-9DED064F9A28}"
EndProject
Project("{FAE04EC0-301F-11D3-BF4B-00C04F79EFBC}") = "13", "13\13.csproj", "{20F1C710-6F50-4E21-9C53-03A56AD36418}"
EndProject
Project("{FAE04EC0-301F-11D3-BF4B-00C04F79EFBC}") = "14", "14\14.csproj", "{CBF04B6D-9B6B-4DAB-AA1D-471C73B45D7B}"
EndProject
Project("{FAE04EC0-301F-11D3-BF4B-00C04F79EFBC}") = "15", "15\15.csproj", "{D6ACD4BB-9BF2-4C62-989F-67ED7FD941BE}"
EndProject
Global
	GlobalSection(SolutionConfigurationPlatforms) = preSolution
		Debug|Any CPU = Debug|Any CPU
		Release|Any CPU = Release|Any CPU
	EndGlobalSection
	GlobalSection(ProjectConfigurationPlatforms) = postSolution
		{78EBF492-7B14-4CC5-8816-D0BA5586A4C2}.Debug|Any CPU.ActiveCfg = Debug|Any CPU
		{78EBF492-7B14-4CC5-8816-D0BA5586A4C2}.Debug|Any CPU.Build.0 = Debug|Any CPU
		{78EBF492-7B14-4CC5-8816-D0BA5586A4C2}.Release|Any CPU.ActiveCfg = Release|Any CPU
		{78EBF492-7B14-4CC5-8816-D0BA5586A4C2}.Release|Any CPU.Build.0 = Release|Any CPU
		{31355673-3163-4B19-85A9-7E1FB38FDC5F}.Debug|Any CPU.ActiveCfg = Debug|Any CPU
		{31355673-3163-4B19-85A9-7E1FB38FDC5F}.Debug|Any CPU.Build.0 = Debug|Any CPU
		{31355673-3163-4B19-85A9-7E1FB38FDC5F}.Release|Any CPU.ActiveCfg = Release|Any CPU
		{31355673-3163-4B19-85A9-7E1FB38FDC5F}.Release|Any CPU.Build.0 = Release|Any CPU
		{9AC8C769-3FA8-4E10-80F0-C3FF7F61349B}.Debug|Any CPU.ActiveCfg = Debug|Any CPU
		{9AC8C769-3FA8-4E10-80F0-C3FF7F61349B}.Debug|Any CPU.Build.0 = Debug|Any CPU
		{9AC8C769-3FA8-4E10-80F0-C3FF7F61349B}.Release|Any CPU.ActiveCfg = Release|Any CPU
		{9AC8C769-3FA8-4E10-80F0-C3FF7F61349B}.Release|Any CPU.Build.0 = Release|Any CPU
		{03AD4033-FEAE-4903-88BC-2BF7ACDD2E6B}.Debug|Any CPU.ActiveCfg = Debug|Any CPU
		{03AD4033-FEAE-4903-88BC-2BF7ACDD2E6B}.Debug|Any CPU.Build.0 = Debug|Any CPU
		{03AD4033-FEAE-4903-88BC-2BF7ACDD2E6B}.Release|Any CPU.ActiveCfg = Release|Any CPU
		{03AD4033-FEAE-4903-88BC-2BF7ACDD2E6B}.Release|Any CPU.Build.0 = Release|Any CPU
		{BB8A511E-F9B8-4CCE-8CD5-4C3B97490BBD}.Debug|Any CPU.ActiveCfg = Debug|Any CPU
		{BB8A511E-F9B8-4CCE-8CD5-4C3B97490BBD}.Debug|Any CPU.Build.0 = Debug|Any CPU
		{BB8A511E-F9B8-4CCE-8CD5-4C3B97490BBD}.Release|Any CPU.ActiveCfg = Release|Any CPU
		{BB8A511E-F9B8-4CCE-8CD5-4C3B97490BBD}.Release|Any CPU.Build.0 = Release|Any CPU
		{4738AB37-B25E-451A-AFA3-20C3F5FC6C08}.Debug|Any CPU.ActiveCfg = Debug|Any CPU
		{4738AB37-B25E-451A-AFA3-20C3F5FC6C08}.Debug|Any CPU.Build.0 = Debug|Any CPU
		{4738AB37-B25E-451A-AFA3-20C3F5FC6C08}.Release|Any CPU.ActiveCfg = Release|Any CPU
		{4738AB37-B25E-451A-AFA3-20C3F5FC6C08}.Release|Any CPU.Build.0 = Release|Any CPU
		{28A7300F-3795-4EC7-B01F-DE6FF35B3822}.Debug|Any CPU.ActiveCfg = Debug|Any CPU
		{28A7300F-3795-4EC7-B01F-DE6FF35B3822}.Debug|Any CPU.Build.0 = Debug|Any CPU
		{28A7300F-3795-4EC7-B01F-DE6FF35B3822}.Release|Any CPU.ActiveCfg = Release|Any CPU
		{28A7300F-3795-4EC7-B01F-DE6FF35B3822}.Release|Any CPU.Build.0 = Release|Any CPU
		{5C12E0FA-62A6-4F3D-8BFF-F627FA5F8351}.Debug|Any CPU.ActiveCfg = Debug|Any CPU
		{5C12E0FA-62A6-4F3D-8BFF-F627FA5F8351}.Debug|Any CPU.Build.0 = Debug|Any CPU
		{5C12E0FA-62A6-4F3D-8BFF-F627FA5F8351}.Release|Any CPU.ActiveCfg = Release|Any CPU
		{5C12E0FA-62A6-4F3D-8BFF-F627FA5F8351}.Release|Any CPU.Build.0 = Release|Any CPU
		{1550D670-C1CF-4B68-ACC2-86161BF31A6E}.Debug|Any CPU.ActiveCfg = Debug|Any CPU
		{1550D670-C1CF-4B68-ACC2-86161BF31A6E}.Debug|Any CPU.Build.0 = Debug|Any CPU
		{1550D670-C1CF-4B68-ACC2-86161BF31A6E}.Release|Any CPU.ActiveCfg = Release|Any CPU
		{1550D670-C1CF-4B68-ACC2-86161BF31A6E}.Release|Any CPU.Build.0 = Release|Any CPU
		{49184182-D839-41C9-972F-A2953845B9A4}.Debug|Any CPU.ActiveCfg = Debug|Any CPU
		{49184182-D839-41C9-972F-A2953845B9A4}.Debug|Any CPU.Build.0 = Debug|Any CPU
		{49184182-D839-41C9-972F-A2953845B9A4}.Release|Any CPU.ActiveCfg = Release|Any CPU
		{49184182-D839-41C9-972F-A2953845B9A4}.Release|Any CPU.Build.0 = Release|Any CPU
		{1F7F0F67-EB4C-4A23-AC80-073A1BDD743E}.Debug|Any CPU.ActiveCfg = Debug|Any CPU
		{1F7F0F67-EB4C-4A23-AC80-073A1BDD743E}.Debug|Any CPU.Build.0 = Debug|Any CPU
		{1F7F0F67-EB4C-4A23-AC80-073A1BDD743E}.Release|Any CPU.ActiveCfg = Release|Any CPU
		{1F7F0F67-EB4C-4A23-AC80-073A1BDD743E}.Release|Any CPU.Build.0 = Release|Any CPU
		{2B28A106-EA68-4C08-9114-9DED064F9A28}.Debug|Any CPU.ActiveCfg = Debug|Any CPU
		{2B28A106-EA68-4C08-9114-9DED064F9A28}.Debug|Any CPU.Build.0 = Debug|Any CPU
		{2B28A106-EA68-4C08-9114-9DED064F9A28}.Release|Any CPU.ActiveCfg = Release|Any CPU
		{2B28A106-EA68-4C08-9114-9DED064F9A28}.Release|Any CPU.Build.0 = Release|Any CPU
		{20F1C710-6F50-4E21-9C53-03A56AD36418}.Debug|Any CPU.ActiveCfg = Debug|Any CPU
		{20F1C710-6F50-4E21-9C53-03A56AD36418}.Debug|Any CPU.Build.0 = Debug|Any CPU
		{20F1C710-6F50-4E21-9C53-03A56AD36418}.Release|Any CPU.ActiveCfg = Release|Any CPU
		{20F1C710-6F50-4E21-9C53-03A56AD36418}.Release|Any CPU.Build.0 = Release|Any CPU
		{CBF04B6D-9B6B-4DAB-AA1D-471C73B45D7B}.Debug|Any CPU.ActiveCfg = Debug|Any CPU
		{CBF04B6D-9B6B-4DAB-AA1D-471C73B45D7B}.Debug|Any CPU.Build.0 = Debug|Any CPU
		{CBF04B6D-9B6B-4DAB-AA1D-471C73B45D7B}.Release|Any CPU.ActiveCfg = Release|Any CPU
		{CBF04B6D-9B6B-4DAB-AA1D-471C73B45D7B}.Release|Any CPU.Build.0 = Release|Any CPU
		{D6ACD4BB-9BF2-4C62-989F-67ED7FD941BE}.Debug|Any CPU.ActiveCfg = Debug|Any CPU
		{D6ACD4BB-9BF2-4C62-989F-67ED7FD941BE}.Debug|Any CPU.Build.0 = Debug|Any CPU
		{D6ACD4BB-9BF2-4C62-989F-67ED7FD941BE}.Release|Any CPU.ActiveCfg = Release|Any CPU
		{D6ACD4BB-9BF2-4C62-989F-67ED7FD941BE}.Release|Any CPU.Build.0 = Release|Any CPU
	EndGlobalSection
	GlobalSection(SolutionProperties) = preSolution
		HideSolutionNode = FALSE
	EndGlobalSection
	GlobalSection(ExtensibilityGlobals) = postSolution
		SolutionGuid = {43C83CE5-4A27-4FB2-9F68-CC8F31DD433D}
	EndGlobalSection
EndGlobal
